{
  "name": "fixture-dependency-issues",
  "lockfileVersion": 3,
  "requires": true,
  "packages": {
    "": {
      "name": "fixture-dependency-issues",
      "version": "1.0.0",
      "dependencies": {
        "express": "^4.18.0",
        "lodash": "^4.17.21",
        "vitest": "^3.0.0"
      },
      "devDependencies": {
        "axios": "^1.7.0"
      }
    },
    "node_modules/express": {
      "version": "4.18.0"
    },
    "node_modules/lodash": {
      "version": "4.17.21"
    },
    "node_modules/axios": {
      "version": "1.6.0"
    },
    "node_modules/axios-old": {
      "name": "axios",
      "version": "0.27.0"
    }
  }
}
